// !$*UTF8*$!
{
	archiveVersion = 1;
	classes = {
	};
	objectVersion = 55;
	objects = {

/* Begin PBXBuildFile section */
		3C7E89A5AAF305D85CF0C685 /* Pods_DogImageApp.framework in Frameworks */ = {isa = PBXBuildFile; fileRef = EA312F11815444FA7AF0FF90 /* Pods_DogImageApp.framework */; };
		D74503D7290F718F00ABD1AD /* AppDelegate.swift in Sources */ = {isa = PBXBuildFile; fileRef = D74503D6290F718F00ABD1AD /* AppDelegate.swift */; };
		D74503D9290F718F00ABD1AD /* SceneDelegate.swift in Sources */ = {isa = PBXBuildFile; fileRef = D74503D8290F718F00ABD1AD /* SceneDelegate.swift */; };
		D74503DB290F718F00ABD1AD /* ViewController.swift in Sources */ = {isa = PBXBuildFile; fileRef = D74503DA290F718F00ABD1AD /* ViewController.swift */; };
		D74503DE290F718F00ABD1AD /* Main.storyboard in Resources */ = {isa = PBXBuildFile; fileRef = D74503DC290F718F00ABD1AD /* Main.storyboard */; };
		D74503E0290F719300ABD1AD /* Assets.xcassets in Resources */ = {isa = PBXBuildFile; fileRef = D74503DF290F719300ABD1AD /* Assets.xcassets */; };
		D74503E3290F719300ABD1AD /* LaunchScreen.storyboard in Resources */ = {isa = PBXBuildFile; fileRef = D74503E1290F719300ABD1AD /* LaunchScreen.storyboard */; };
		D74503ED290FE37800ABD1AD /* Photo.swift in Sources */ = {isa = PBXBuildFile; fileRef = D74503EC290FE37800ABD1AD /* Photo.swift */; };
/* End PBXBuildFile section */

/* Begin PBXFileReference section */
		328D122A87AD9F81C74BB219 /* Pods-DogImageApp.debug.xcconfig */ = {isa = PBXFileReference; includeInIndex = 1; lastKnownFileType = text.xcconfig; name = "Pods-DogImageApp.debug.xcconfig"; path = "Target Support Files/Pods-DogImageApp/Pods-DogImageApp.debug.xcconfig"; sourceTree = "<group>"; };
		5A0F5D5DDE6DA53340E9A172 /* Pods-DogImageApp.release.xcconfig */ = {isa = PBXFileReference; includeInIndex = 1; lastKnownFileType = text.xcconfig; name = "Pods-DogImageApp.release.xcconfig"; path = "Target Support Files/Pods-DogImageApp/Pods-DogImageApp.release.xcconfig"; sourceTree = "<group>"; };
		D74503D3290F718F00ABD1AD /* DogImageApp.app */ = {isa = PBXFileReference; explicitFileType = wrapper.application; includeInIndex = 0; path = DogImageApp.app; sourceTree = BUILT_PRODUCTS_DIR; };
		D74503D6290F718F00ABD1AD /* AppDelegate.swift */ = {isa = PBXFileReference; lastKnownFileType = sourcecode.swift; path = AppDelegate.swift; sourceTree = "<group>"; };
		D74503D8290F718F00ABD1AD /* SceneDelegate.swift */ = {isa = PBXFileReference; lastKnownFileType = sourcecode.swift; path = SceneDelegate.swift; sourceTree = "<group>"; };
		D74503DA290F718F00ABD1AD /* ViewController.swift */ = {isa = PBXFileReference; lastKnownFileType = sourcecode.swift; path = ViewController.swift; sourceTree = "<group>"; };
		D74503DD290F718F00ABD1AD /* Base */ = {isa = PBXFileReference; lastKnownFileType = file.storyboard; name = Base; path = Base.lproj/Main.storyboard; sourceTree = "<group>"; };
		D74503DF290F719300ABD1AD /* Assets.xcassets */ = {isa = PBXFileReference; lastKnownFileType = folder.assetcatalog; path = Assets.xcassets; sourceTree = "<group>"; };
		D74503E2290F719300ABD1AD /* Base */ = {isa = PBXFileReference; lastKnownFileType = file.storyboard; name = Base; path = Base.lproj/LaunchScreen.storyboard; sourceTree = "<group>"; };
		D74503E4290F719300ABD1AD /* Info.plist */ = {isa = PBXFileReference; lastKnownFileType = text.plist.xml; path = Info.plist; sourceTree = "<group>"; };
		D74503EC290FE37800ABD1AD /* Photo.swift */ = {isa = PBXFileReference; lastKnownFileType = sourcecode.swift; path = Photo.swift; sourceTree = "<group>"; };
		EA312F11815444FA7AF0FF90 /* Pods_DogImageApp.framework */ = {isa = PBXFileReference; explicitFileType = wrapper.framework; includeInIndex = 0; path = Pods_DogImageApp.framework; sourceTree = BUILT_PRODUCTS_DIR; };
/* End PBXFileReference section */

/* Begin PBXFrameworksBuildPhase section */
		D74503D0290F718F00ABD1AD /* Frameworks */ = {
			isa = PBXFrameworksBuildPhase;
			buildActionMask = 2147483647;
			files = (
				3C7E89A5AAF305D85CF0C685 /* Pods_DogImageApp.framework in Frameworks */,
			);
			runOnlyForDeploymentPostprocessing = 0;
		};
/* End PBXFrameworksBuildPhase section */

/* Begin PBXGroup section */
		2A6A6F091800656626E26CA8 /* Pods */ = {
			isa = PBXGroup;
			children = (
				328D122A87AD9F81C74BB219 /* Pods-DogImageApp.debug.xcconfig */,
				5A0F5D5DDE6DA53340E9A172 /* Pods-DogImageApp.release.xcconfig */,
			);
			path = Pods;
			sourceTree = "<group>";
		};
		7A6E4AC3DC4813D2D209CC4C /* Frameworks */ = {
			isa = PBXGroup;
			children = (
				EA312F11815444FA7AF0FF90 /* Pods_DogImageApp.framework */,
			);
			name = Frameworks;
			sourceTree = "<group>";
		};
		D74503CA290F718F00ABD1AD = {
			isa = PBXGroup;
			children = (
				D74503D5290F718F00ABD1AD /* DogImageApp */,
				D74503D4290F718F00ABD1AD /* Products */,
				2A6A6F091800656626E26CA8 /* Pods */,
				7A6E4AC3DC4813D2D209CC4C /* Frameworks */,
			);
			sourceTree = "<group>";
		};
		D74503D4290F718F00ABD1AD /* Products */ = {
			isa = PBXGroup;
			children = (
				D74503D3290F718F00ABD1AD /* DogImageApp.app */,
			);
			name = Products;
			sourceTree = "<group>";
		};
		D74503D5290F718F00ABD1AD /* DogImageApp */ = {
			isa = PBXGroup;
			children = (
				D74503D6290F718F00ABD1AD /* AppDelegate.swift */,
				D74503EC290FE37800ABD1AD /* Photo.swift */,
				D74503D8290F718F00ABD1AD /* SceneDelegate.swift */,
				D74503DA290F718F00ABD1AD /* ViewController.swift */,
				D74503DC290F718F00ABD1AD /* Main.storyboard */,
				D74503DF290F719300ABD1AD /* Assets.xcassets */,
				D74503E1290F719300ABD1AD /* LaunchScreen.storyboard */,
				D74503E4290F719300ABD1AD /* Info.plist */,
			);
			path = DogImageApp;
			sourceTree = "<group>";
		};
/* End PBXGroup section */

/* Begin PBXNativeTarget section */
		D74503D2290F718F00ABD1AD /* DogImageApp */ = {
			isa = PBXNativeTarget;
			buildConfigurationList = D74503E7290F719300ABD1AD /* Build configuration list for PBXNativeTarget "DogImageApp" */;
			buildPhases = (
				F9C3D7AF62F76903925CFA66 /* [CP] Check Pods Manifest.lock */,
				D74503CF290F718F00ABD1AD /* Sources */,
				D74503D0290F718F00ABD1AD /* Frameworks */,
				D74503D1290F718F00ABD1AD /* Resources */,
				B8EAEACB9EAE3C62399C8860 /* [CP] Embed Pods Frameworks */,
			);
			buildRules = (
			);
			dependencies = (
			);
			name = DogImageApp;
			productName = DogImageApp;
			productReference = D74503D3290F718F00ABD1AD /* DogImageApp.app */;
			productType = "com.apple.product-type.application";
		};
/* End PBXNativeTarget section */

/* Begin PBXProject section */
		D74503CB290F718F00ABD1AD /* Project object */ = {
			isa = PBXProject;
			attributes = {
				BuildIndependentTargetsInParallel = 1;
				LastSwiftUpdateCheck = 1400;
				LastUpgradeCheck = 1400;
				TargetAttributes = {
					D74503D2290F718F00ABD1AD = {
						CreatedOnToolsVersion = 14.0.1;
					};
				};
			};
			buildConfigurationList = D74503CE290F718F00ABD1AD /* Build configuration list for PBXProject "DogImageApp" */;
			compatibilityVersion = "Xcode 13.0";
			developmentRegion = en;
			hasScannedForEncodings = 0;
			knownRegions = (
				en,
				Base,
			);
			mainGroup = D74503CA290F718F00ABD1AD;
			productRefGroup = D74503D4290F718F00ABD1AD /* Products */;
			projectDirPath = "";
			projectRoot = "";
			targets = (
				D74503D2290F718F00ABD1AD /* DogImageApp */,
			);
		};
/* End PBXProject section */

/* Begin PBXResourcesBuildPhase section */
		D74503D1290F718F00ABD1AD /* Resources */ = {
			isa = PBXResourcesBuildPhase;
			buildActionMask = 2147483647;
			files = (
				D74503E3290F719300ABD1AD /* LaunchScreen.storyboard in Resources */,
				D74503E0290F719300ABD1AD /* Assets.xcassets in Resources */,
				D74503DE290F718F00ABD1AD /* Main.storyboard in Resources */,
			);
			runOnlyForDeploymentPostprocessing = 0;
		};
/* End PBXResourcesBuildPhase section */

/* Begin PBXShellScriptBuildPhase section */
		B8EAEACB9EAE3C62399C8860 /* [CP] Embed Pods Frameworks */ = {
			isa = PBXShellScriptBuildPhase;
			buildActionMask = 2147483647;
			files = (
			);
			inputFileListPaths = (
				"${PODS_ROOT}/Target Support Files/Pods-DogImageApp/Pods-DogImageApp-frameworks-${CONFIGURATION}-input-files.xcfilelist",
			);
			name = "[CP] Embed Pods Frameworks";
			outputFileListPaths = (
				"${PODS_ROOT}/Target Support Files/Pods-DogImageApp/Pods-DogImageApp-frameworks-${CONFIGURATION}-output-files.xcfilelist",
			);
			runOnlyForDeploymentPostprocessing = 0;
			shellPath = /bin/sh;
			shellScript = "\"${PODS_ROOT}/Target Support Files/Pods-DogImageApp/Pods-DogImageApp-frameworks.sh\"\n";
			showEnvVarsInLog = 0;
		};
		F9C3D7AF62F76903925CFA66 /* [CP] Check Pods Manifest.lock */ = {
			isa = PBXShellScriptBuildPhase;
			buildActionMask = 2147483647;
			files = (
			);
			inputFileListPaths = (
			);
			inputPaths = (
				"${PODS_PODFILE_DIR_PATH}/Podfile.lock",
				"${PODS_ROOT}/Manifest.lock",
			);
			name = "[CP] Check Pods Manifest.lock";
			outputFileListPaths = (
			);
			outputPaths = (
				"$(DERIVED_FILE_DIR)/Pods-DogImageApp-checkManifestLockResult.txt",
			);
			runOnlyForDeploymentPostprocessing = 0;
			shellPath = /bin/sh;
			shellScript = "diff \"${PODS_PODFILE_DIR_PATH}/Podfile.lock\" \"${PODS_ROOT}/Manifest.lock\" > /dev/null\nif [ $? != 0 ] ; then\n    # print error to STDERR\n    echo \"error: The sandbox is not in sync with the Podfile.lock. Run 'pod install' or update your CocoaPods installation.\" >&2\n    exit 1\nfi\n# This output is used by Xcode 'outputs' to avoid re-running this script phase.\necho \"SUCCESS\" > \"${SCRIPT_OUTPUT_FILE_0}\"\n";
			showEnvVarsInLog = 0;
		};
/* End PBXShellScriptBuildPhase section */

/* Begin PBXSourcesBuildPhase section */
		D74503CF290F718F00ABD1AD /* Sources */ = {
			isa = PBXSourcesBuildPhase;
			buildActionMask = 2147483647;
			files = (
				D74503DB290F718F00ABD1AD /* ViewController.swift in Sources */,
				D74503D7290F718F00ABD1AD /* AppDelegate.swift in Sources */,
				D74503D9290F718F00ABD1AD /* SceneDelegate.swift in Sources */,
				D74503ED290FE37800ABD1AD /* Photo.swift in Sources */,
			);
			runOnlyForDeploymentPostprocessing = 0;
		};
/* End PBXSourcesBuildPhase section */

/* Begin PBXVariantGroup section */
		D74503DC290F718F00ABD1AD /* Main.storyboard */ = {
			isa = PBXVariantGroup;
			children = (
				D74503DD290F718F00ABD1AD /* Base */,
			);
			name = Main.storyboard;
			sourceTree = "<group>";
		};
		D74503E1290F719300ABD1AD /* LaunchScreen.storyboard */ = {
			isa = PBXVariantGroup;
			children = (
				D74503E2290F719300ABD1AD /* Base */,
			);
			name = LaunchScreen.storyboard;
			sourceTree = "<group>";
		};
/* End PBXVariantGroup section */

/* Begin XCBuildConfiguration section */
		D74503E5290F719300ABD1AD /* Debug */ = {
			isa = XCBuildConfiguration;
			buildSettings = {
				ALWAYS_SEARCH_USER_PATHS = NO;
				CLANG_ANALYZER_NONNULL = YES;
				CLANG_ANALYZER_NUMBER_OBJECT_CONVERSION = YES_AGGRESSIVE;
				CLANG_CXX_LANGUAGE_STANDARD = "gnu++20";
				CLANG_ENABLE_MODULES = YES;
				CLANG_ENABLE_OBJC_ARC = YES;
				CLANG_ENABLE_OBJC_WEAK = YES;
				CLANG_WARN_BLOCK_CAPTURE_AUTORELEASING = YES;
				CLANG_WARN_BOOL_CONVERSION = YES;
				CLANG_WARN_COMMA = YES;
				CLANG_WARN_CONSTANT_CONVERSION = YES;
				CLANG_WARN_DEPRECATED_OBJC_IMPLEMENTATIONS = YES;
				CLANG_WARN_DIRECT_OBJC_ISA_USAGE = YES_ERROR;
				CLANG_WARN_DOCUMENTATION_COMMENTS = YES;
				CLANG_WARN_EMPTY_BODY = YES;
				CLANG_WARN_ENUM_CONVERSION = YES;
				CLANG_WARN_INFINITE_RECURSION = YES;
				CLANG_WARN_INT_CONVERSION = YES;
				CLANG_WARN_NON_LITERAL_NULL_CONVERSION = YES;
				CLANG_WARN_OBJC_IMPLICIT_RETAIN_SELF = YES;
				CLANG_WARN_OBJC_LITERAL_CONVERSION = YES;
				CLANG_WARN_OBJC_ROOT_CLASS = YES_ERROR;
				CLANG_WARN_QUOTED_INCLUDE_IN_FRAMEWORK_HEADER = YES;
				CLANG_WARN_RANGE_LOOP_ANALYSIS = YES;
				CLANG_WARN_STRICT_PROTOTYPES = YES;
				CLANG_WARN_SUSPICIOUS_MOVE = YES;
				CLANG_WARN_UNGUARDED_AVAILABILITY = YES_AGGRESSIVE;
				CLANG_WARN_UNREACHABLE_CODE = YES;
				CLANG_WARN__DUPLICATE_METHOD_MATCH = YES;
				COPY_PHASE_STRIP = NO;
				DEBUG_INFORMATION_FORMAT = dwarf;
				ENABLE_STRICT_OBJC_MSGSEND = YES;
				ENABLE_TESTABILITY = YES;
				GCC_C_LANGUAGE_STANDARD = gnu11;
				GCC_DYNAMIC_NO_PIC = NO;
				GCC_NO_COMMON_BLOCKS = YES;
				GCC_OPTIMIZATION_LEVEL = 0;
				GCC_PREPROCESSOR_DEFINITIONS = (
					"DEBUG=1",
					"$(inherited)",
				);
				GCC_WARN_64_TO_32_BIT_CONVERSION = YES;
				GCC_WARN_ABOUT_RETURN_TYPE = YES_ERROR;
				GCC_WARN_UNDECLARED_SELECTOR = YES;
				GCC_WARN_UNINITIALIZED_AUTOS = YES_AGGRESSIVE;
				GCC_WARN_UNUSED_FUNCTION = YES;
				GCC_WARN_UNUSED_VARIABLE = YES;
				IPHONEOS_DEPLOYMENT_TARGET = 16.0;
				MTL_ENABLE_DEBUG_INFO = INCLUDE_SOURCE;
				MTL_FAST_MATH = YES;
				ONLY_ACTIVE_ARCH = YES;
				SDKROOT = iphoneos;
				SWIFT_ACTIVE_COMPILATION_CONDITIONS = DEBUG;
				SWIFT_OPTIMIZATION_LEVEL = "-Onone";
			};
			name = Debug;
		};
		D74503E6290F719300ABD1AD /* Release */ = {
			isa = XCBuildConfiguration;
			buildSettings = {
				ALWAYS_SEARCH_USER_PATHS = NO;
				CLANG_ANALYZER_NONNULL = YES;
				CLANG_ANALYZER_NUMBER_OBJECT_CONVERSION = YES_AGGRESSIVE;
				CLANG_CXX_LANGUAGE_STANDARD = "gnu++20";
				CLANG_ENABLE_MODULES = YES;
				CLANG_ENABLE_OBJC_ARC = YES;
				CLANG_ENABLE_OBJC_WEAK = YES;
				CLANG_WARN_BLOCK_CAPTURE_AUTORELEASING = YES;
				CLANG_WARN_BOOL_CONVERSION = YES;
				CLANG_WARN_COMMA = YES;
				CLANG_WARN_CONSTANT_CONVERSION = YES;
				CLANG_WARN_DEPRECATED_OBJC_IMPLEMENTATIONS = YES;
				CLANG_WARN_DIRECT_OBJC_ISA_USAGE = YES_ERROR;
				CLANG_WARN_DOCUMENTATION_COMMENTS = YES;
				CLANG_WARN_EMPTY_BODY = YES;
				CLANG_WARN_ENUM_CONVERSION = YES;
				CLANG_WARN_INFINITE_RECURSION = YES;
				CLANG_WARN_INT_CONVERSION = YES;
				CLANG_WARN_NON_LITERAL_NULL_CONVERSION = YES;
				CLANG_WARN_OBJC_IMPLICIT_RETAIN_SELF = YES;
				CLANG_WARN_OBJC_LITERAL_CONVERSION = YES;
				CLANG_WARN_OBJC_ROOT_CLASS = YES_ERROR;
				CLANG_WARN_QUOTED_INCLUDE_IN_FRAMEWORK_HEADER = YES;
				CLANG_WARN_RANGE_LOOP_ANALYSIS = YES;
				CLANG_WARN_STRICT_PROTOTYPES = YES;
				CLANG_WARN_SUSPICIOUS_MOVE = YES;
				CLANG_WARN_UNGUARDED_AVAILABILITY = YES_AGGRESSIVE;
				CLANG_WARN_UNREACHABLE_CODE = YES;
				CLANG_WARN__DUPLICATE_METHOD_MATCH = YES;
				COPY_PHASE_STRIP = NO;
				DEBUG_INFORMATION_FORMAT = "dwarf-with-dsym";
				ENABLE_NS_ASSERTIONS = NO;
				ENABLE_STRICT_OBJC_MSGSEND = YES;
				GCC_C_LANGUAGE_STANDARD = gnu11;
				GCC_NO_COMMON_BLOCKS = YES;
				GCC_WARN_64_TO_32_BIT_CONVERSION = YES;
				GCC_WARN_ABOUT_RETURN_TYPE = YES_ERROR;
				GCC_WARN_UNDECLARED_SELECTOR = YES;
				GCC_WARN_UNINITIALIZED_AUTOS = YES_AGGRESSIVE;
				GCC_WARN_UNUSED_FUNCTION = YES;
				GCC_WARN_UNUSED_VARIABLE = YES;
				IPHONEOS_DEPLOYMENT_TARGET = 16.0;
				MTL_ENABLE_DEBUG_INFO = NO;
				MTL_FAST_MATH = YES;
				SDKROOT = iphoneos;
				SWIFT_COMPILATION_MODE = wholemodule;
				SWIFT_OPTIMIZATION_LEVEL = "-O";
				VALIDATE_PRODUCT = YES;
			};
			name = Release;
		};
		D74503E8290F719300ABD1AD /* Debug */ = {
			isa = XCBuildConfiguration;
			baseConfigurationReference = 328D122A87AD9F81C74BB219 /* Pods-DogImageApp.debug.xcconfig */;
			buildSettings = {
				ASSETCATALOG_COMPILER_APPICON_NAME = AppIcon;
				ASSETCATALOG_COMPILER_GLOBAL_ACCENT_COLOR_NAME = AccentColor;
				CODE_SIGN_STYLE = Automatic;
				CURRENT_PROJECT_VERSION = 1;
				DEVELOPMENT_TEAM = F925WATJJW;
				GENERATE_INFOPLIST_FILE = YES;
				INFOPLIST_FILE = DogImageApp/Info.plist;
				INFOPLIST_KEY_UIApplicationSupportsIndirectInputEvents = YES;
				INFOPLIST_KEY_UILaunchStoryboardName = LaunchScreen;
				INFOPLIST_KEY_UIMainStoryboardFile = Main;
				INFOPLIST_KEY_UISupportedInterfaceOrientations_iPad = "UIInterfaceOrientationPortrait UIInterfaceOrientationPortraitUpsideDown UIInterfaceOrientationLandscapeLeft UIInterfaceOrientationLandscapeRight";
				INFOPLIST_KEY_UISupportedInterfaceOrientations_iPhone = "UIInterfaceOrientationPortrait UIInterfaceOrientationLandscapeLeft UIInterfaceOrientationLandscapeRight";
				LD_RUNPATH_SEARCH_PATHS = (
					"$(inherited)",
					"@executable_path/Frameworks",
				);
				MARKETING_VERSION = 1.0;
				PRODUCT_BUNDLE_IDENTIFIER = com.akihito.DogImageApp;
				PRODUCT_NAME = "$(TARGET_NAME)";
				SWIFT_EMIT_LOC_STRINGS = YES;
				SWIFT_VERSION = 5.0;
				TARGETED_DEVICE_FAMILY = "1,2";
			};
			name = Debug;
		};
		D74503E9290F719300ABD1AD /* Release */ = {
			isa = XCBuildConfiguration;
			baseConfigurationReference = 5A0F5D5DDE6DA53340E9A172 /* Pods-DogImageApp.release.xcconfig */;
			buildSettings = {
				ASSETCATALOG_COMPILER_APPICON_NAME = AppIcon;
				ASSETCATALOG_COMPILER_GLOBAL_ACCENT_COLOR_NAME = AccentColor;
				CODE_SIGN_STYLE = Automatic;
				CURRENT_PROJECT_VERSION = 1;
				DEVELOPMENT_TEAM = F925WATJJW;
				GENERATE_INFOPLIST_FILE = YES;
				INFOPLIST_FILE = DogImageApp/Info.plist;
				INFOPLIST_KEY_UIApplicationSupportsIndirectInputEvents = YES;
				INFOPLIST_KEY_UILaunchStoryboardName = LaunchScreen;
				INFOPLIST_KEY_UIMainStoryboardFile = Main;
				INFOPLIST_KEY_UISupportedInterfaceOrientations_iPad = "UIInterfaceOrientationPortrait UIInterfaceOrientationPortraitUpsideDown UIInterfaceOrientationLandscapeLeft UIInterfaceOrientationLandscapeRight";
				INFOPLIST_KEY_UISupportedInterfaceOrientations_iPhone = "UIInterfaceOrientationPortrait UIInterfaceOrientationLandscapeLeft UIInterfaceOrientationLandscapeRight";
				LD_RUNPATH_SEARCH_PATHS = (
					"$(inherited)",
					"@executable_path/Frameworks",
				);
				MARKETING_VERSION = 1.0;
				PRODUCT_BUNDLE_IDENTIFIER = com.akihito.DogImageApp;
				PRODUCT_NAME = "$(TARGET_NAME)";
				SWIFT_EMIT_LOC_STRINGS = YES;
				SWIFT_VERSION = 5.0;
				TARGETED_DEVICE_FAMILY = "1,2";
			};
			name = Release;
		};
/* End XCBuildConfiguration section */

/* Begin XCConfigurationList section */
		D74503CE290F718F00ABD1AD /* Build configuration list for PBXProject "DogImageApp" */ = {
			isa = XCConfigurationList;
			buildConfigurations = (
				D74503E5290F719300ABD1AD /* Debug */,
				D74503E6290F719300ABD1AD /* Release */,
			);
			defaultConfigurationIsVisible = 0;
			defaultConfigurationName = Release;
		};
		D74503E7290F719300ABD1AD /* Build configuration list for PBXNativeTarget "DogImageApp" */ = {
			isa = XCConfigurationList;
			buildConfigurations = (
				D74503E8290F719300ABD1AD /* Debug */,
				D74503E9290F719300ABD1AD /* Release */,
			);
			defaultConfigurationIsVisible = 0;
			defaultConfigurationName = Release;
		};
/* End XCConfigurationList section */
	};
	rootObject = D74503CB290F718F00ABD1AD /* Project object */;
}
